
Microsoft Visual Studio Solution File, Format Version 12.00
# Visual Studio Version 16
VisualStudioVersion = 16.0.29509.3
MinimumVisualStudioVersion = 10.0.40219.1
Project("{00D1A9C2-B5F0-4AF3-8072-F6C62B433612}") = "Challenge", "Challenge.sqlproj", "{DB42FC38-825D-4C32-8717-1D08C463948D}"
EndProject
Project("{F184B08F-C81C-45F6-A57F-5ABD9991F28F}") = "CoffeeChallengeAPI", "..\CoffeeChallengeAPI\CoffeeChallengeAPI.vbproj", "{6644B612-B3ED-4600-82B0-F340B9619EC8}"
EndProject
Global
	GlobalSection(SolutionConfigurationPlatforms) = preSolution
		Debug|Any CPU = Debug|Any CPU
		Release|Any CPU = Release|Any CPU
	EndGlobalSection
	GlobalSection(ProjectConfigurationPlatforms) = postSolution
		{DB42FC38-825D-4C32-8717-1D08C463948D}.Debug|Any CPU.ActiveCfg = Debug|Any CPU
		{DB42FC38-825D-4C32-8717-1D08C463948D}.Debug|Any CPU.Build.0 = Debug|Any CPU
		{DB42FC38-825D-4C32-8717-1D08C463948D}.Debug|Any CPU.Deploy.0 = Debug|Any CPU
		{DB42FC38-825D-4C32-8717-1D08C463948D}.Release|Any CPU.ActiveCfg = Release|Any CPU
		{DB42FC38-825D-4C32-8717-1D08C463948D}.Release|Any CPU.Build.0 = Release|Any CPU
		{DB42FC38-825D-4C32-8717-1D08C463948D}.Release|Any CPU.Deploy.0 = Release|Any CPU
		{6644B612-B3ED-4600-82B0-F340B9619EC8}.Debug|Any CPU.ActiveCfg = Debug|Any CPU
		{6644B612-B3ED-4600-82B0-F340B9619EC8}.Debug|Any CPU.Build.0 = Debug|Any CPU
		{6644B612-B3ED-4600-82B0-F340B9619EC8}.Release|Any CPU.ActiveCfg = Release|Any CPU
		{6644B612-B3ED-4600-82B0-F340B9619EC8}.Release|Any CPU.Build.0 = Release|Any CPU
	EndGlobalSection
	GlobalSection(SolutionProperties) = preSolution
		HideSolutionNode = FALSE
	EndGlobalSection
	GlobalSection(ExtensibilityGlobals) = postSolution
		SolutionGuid = {758040FE-F609-4921-99A4-FDDF59896326}
	EndGlobalSection
EndGlobal
